// !$*UTF8*$!
{
	archiveVersion = 1;
	classes = {
	};
	objectVersion = 50;
	objects = {

/* Begin PBXBuildFile section */
		093C60102121984400F5A8B7 /* ShippingBillingVC.swift in Sources */ = {isa = PBXBuildFile; fileRef = 093C600F2121984300F5A8B7 /* ShippingBillingVC.swift */; };
		095DCDF6211EA4F700A0E07C /* PaymentVC.swift in Sources */ = {isa = PBXBuildFile; fileRef = 095DCDF5211EA4F700A0E07C /* PaymentVC.swift */; };
		095DCDF8211EA56D00A0E07C /* PaymentModel.swift in Sources */ = {isa = PBXBuildFile; fileRef = 095DCDF7211EA56D00A0E07C /* PaymentModel.swift */; };
		095DCDFA211EA5BB00A0E07C /* PaymentTableCell.swift in Sources */ = {isa = PBXBuildFile; fileRef = 095DCDF9211EA5BB00A0E07C /* PaymentTableCell.swift */; };
		09B03BF721098E6100ADEFBA /* elipsEmpty.png in Resources */ = {isa = PBXBuildFile; fileRef = 09B03BF421098E6000ADEFBA /* elipsEmpty.png */; };
		09B03BF821098E6100ADEFBA /* elips.png in Resources */ = {isa = PBXBuildFile; fileRef = 09B03BF521098E6000ADEFBA /* elips.png */; };
		09D4BF4D210595F200B99581 /* menuCellBG.png in Resources */ = {isa = PBXBuildFile; fileRef = 09D4BF4B210595F100B99581 /* menuCellBG.png */; };
		09D4BF4E210595F200B99581 /* searchIUconWhite.png in Resources */ = {isa = PBXBuildFile; fileRef = 09D4BF4C210595F200B99581 /* searchIUconWhite.png */; };
		09D4BF5021059E2400B99581 /* searcbbarblack.png in Resources */ = {isa = PBXBuildFile; fileRef = 09D4BF4F21059E2400B99581 /* searcbbarblack.png */; };
		09D4BF5221059FA600B99581 /* MenuVC.swift in Sources */ = {isa = PBXBuildFile; fileRef = 09D4BF5121059FA600B99581 /* MenuVC.swift */; };
		09D4BF5421059FC300B99581 /* MenuModel.swift in Sources */ = {isa = PBXBuildFile; fileRef = 09D4BF5321059FC300B99581 /* MenuModel.swift */; };
		09D4BF562105A00000B99581 /* MenuTableCell.swift in Sources */ = {isa = PBXBuildFile; fileRef = 09D4BF552105A00000B99581 /* MenuTableCell.swift */; };
		09D4BF582105ABF800B99581 /* addTochart.png in Resources */ = {isa = PBXBuildFile; fileRef = 09D4BF572105ABF800B99581 /* addTochart.png */; };
		09D4BF5A2105E67400B99581 /* CategoryModel.swift in Sources */ = {isa = PBXBuildFile; fileRef = 09D4BF592105E67400B99581 /* CategoryModel.swift */; };
		09D4BF5C2105E68E00B99581 /* CategoryTableCell.swift in Sources */ = {isa = PBXBuildFile; fileRef = 09D4BF5B2105E68E00B99581 /* CategoryTableCell.swift */; };
		09D4BF5F2105E6E800B99581 /* CategoryVC.swift in Sources */ = {isa = PBXBuildFile; fileRef = 09D4BF5E2105E6E800B99581 /* CategoryVC.swift */; };
		09DE2E622106E8BE005859E0 /* sponIcon.png in Resources */ = {isa = PBXBuildFile; fileRef = 09DE2E602106E8BD005859E0 /* sponIcon.png */; };
		09DE2E67210705A2005859E0 /* MenuDetailsVC.swift in Sources */ = {isa = PBXBuildFile; fileRef = 09DE2E66210705A2005859E0 /* MenuDetailsVC.swift */; };
		09DE2E69210726A4005859E0 /* FancyBtn.swift in Sources */ = {isa = PBXBuildFile; fileRef = 09DE2E68210726A3005859E0 /* FancyBtn.swift */; };
		09E3277B2102F481008BE91A /* AppDelegate.swift in Sources */ = {isa = PBXBuildFile; fileRef = 09E3277A2102F481008BE91A /* AppDelegate.swift */; };
		09E327802102F481008BE91A /* Main.storyboard in Resources */ = {isa = PBXBuildFile; fileRef = 09E3277E2102F481008BE91A /* Main.storyboard */; };
		09E327822102F48D008BE91A /* Assets.xcassets in Resources */ = {isa = PBXBuildFile; fileRef = 09E327812102F48D008BE91A /* Assets.xcassets */; };
		09E327852102F48D008BE91A /* LaunchScreen.storyboard in Resources */ = {isa = PBXBuildFile; fileRef = 09E327832102F48D008BE91A /* LaunchScreen.storyboard */; };
		09E327912102F5A6008BE91A /* SoiHomeVC.swift in Sources */ = {isa = PBXBuildFile; fileRef = 09E327902102F5A6008BE91A /* SoiHomeVC.swift */; };
		09E3279C21031208008BE91A /* bg.jpg in Resources */ = {isa = PBXBuildFile; fileRef = 09E3279721031208008BE91A /* bg.jpg */; };
		09E3279D21031208008BE91A /* Logo.png in Resources */ = {isa = PBXBuildFile; fileRef = 09E3279821031208008BE91A /* Logo.png */; };
		09E3279F21032EE2008BE91A /* Fb_i.png in Resources */ = {isa = PBXBuildFile; fileRef = 09E3279E21032EE1008BE91A /* Fb_i.png */; };
		09E327A4210336F7008BE91A /* register.png in Resources */ = {isa = PBXBuildFile; fileRef = 09E327A0210336F6008BE91A /* register.png */; };
		09E327A5210336F7008BE91A /* TW_i.png in Resources */ = {isa = PBXBuildFile; fileRef = 09E327A1210336F6008BE91A /* TW_i.png */; };
		09E327A6210336F7008BE91A /* Go_i.png in Resources */ = {isa = PBXBuildFile; fileRef = 09E327A2210336F6008BE91A /* Go_i.png */; };
		09E327A7210336F7008BE91A /* Sign_in.png in Resources */ = {isa = PBXBuildFile; fileRef = 09E327A3210336F7008BE91A /* Sign_in.png */; };
		09E327AA21034B57008BE91A /* roboto in Resources */ = {isa = PBXBuildFile; fileRef = 09E327A921034B56008BE91A /* roboto */; };
		09E327AF21046435008BE91A /* searchBarRect.png in Resources */ = {isa = PBXBuildFile; fileRef = 09E327AB21046434008BE91A /* searchBarRect.png */; };
		09E327B021046435008BE91A /* backArrow.png in Resources */ = {isa = PBXBuildFile; fileRef = 09E327AC21046434008BE91A /* backArrow.png */; };
		09E327B121046435008BE91A /* searchIcon.png in Resources */ = {isa = PBXBuildFile; fileRef = 09E327AD21046435008BE91A /* searchIcon.png */; };
		09E327B221046435008BE91A /* Icon.png in Resources */ = {isa = PBXBuildFile; fileRef = 09E327AE21046435008BE91A /* Icon.png */; };
		09E327B42104668A008BE91A /* SearchFoodVC.swift in Sources */ = {isa = PBXBuildFile; fileRef = 09E327B32104668A008BE91A /* SearchFoodVC.swift */; };
		09E327B8210496C7008BE91A /* SearchProductModel.swift in Sources */ = {isa = PBXBuildFile; fileRef = 09E327B7210496C7008BE91A /* SearchProductModel.swift */; };
		09E327BA210497BB008BE91A /* SearcProducTableCell.swift in Sources */ = {isa = PBXBuildFile; fileRef = 09E327B9210497BB008BE91A /* SearcProducTableCell.swift */; };
		09E737DE210ECE2800AAC8BF /* credentials.plist in Resources */ = {isa = PBXBuildFile; fileRef = 09E737DD210ECE2800AAC8BF /* credentials.plist */; };
		09E737E1210ED5AD00AAC8BF /* HelpCode.swift in Sources */ = {isa = PBXBuildFile; fileRef = 09E737E0210ED5AD00AAC8BF /* HelpCode.swift */; };
		51F560A3EFFADDC77FD7F624 /* Pods_Soi71.framework in Frameworks */ = {isa = PBXBuildFile; fileRef = FC1E92DBCA323095AB1E4CE5 /* Pods_Soi71.framework */; };
		CE6E24F121086CC90015F6A5 /* ChartVC.swift in Sources */ = {isa = PBXBuildFile; fileRef = CE6E24F021086CC90015F6A5 /* ChartVC.swift */; };
		CE6E24F321086D040015F6A5 /* CartTableCell.swift in Sources */ = {isa = PBXBuildFile; fileRef = CE6E24F221086D040015F6A5 /* CartTableCell.swift */; };
		CE6E24F521086D190015F6A5 /* CartModel.swift in Sources */ = {isa = PBXBuildFile; fileRef = CE6E24F421086D190015F6A5 /* CartModel.swift */; };
		CE6E24F72108730F0015F6A5 /* FancyLabal.swift in Sources */ = {isa = PBXBuildFile; fileRef = CE6E24F62108730F0015F6A5 /* FancyLabal.swift */; };
		CE6E24F9210884D60015F6A5 /* cross.png in Resources */ = {isa = PBXBuildFile; fileRef = CE6E24F8210884D50015F6A5 /* cross.png */; };
		CEA9F180210C293300277E65 /* FancyView.swift in Sources */ = {isa = PBXBuildFile; fileRef = CEA9F17F210C293200277E65 /* FancyView.swift */; };
		CEA9F182210CB6F100277E65 /* popCross.png in Resources */ = {isa = PBXBuildFile; fileRef = CEA9F181210CB6F000277E65 /* popCross.png */; };
/* End PBXBuildFile section */

/* Begin PBXFileReference section */
		093C600F2121984300F5A8B7 /* ShippingBillingVC.swift */ = {isa = PBXFileReference; lastKnownFileType = sourcecode.swift; path = ShippingBillingVC.swift; sourceTree = "<group>"; };
		095DCDF5211EA4F700A0E07C /* PaymentVC.swift */ = {isa = PBXFileReference; lastKnownFileType = sourcecode.swift; path = PaymentVC.swift; sourceTree = "<group>"; };
		095DCDF7211EA56D00A0E07C /* PaymentModel.swift */ = {isa = PBXFileReference; lastKnownFileType = sourcecode.swift; path = PaymentModel.swift; sourceTree = "<group>"; };
		095DCDF9211EA5BB00A0E07C /* PaymentTableCell.swift */ = {isa = PBXFileReference; lastKnownFileType = sourcecode.swift; path = PaymentTableCell.swift; sourceTree = "<group>"; };
		09B03BF421098E6000ADEFBA /* elipsEmpty.png */ = {isa = PBXFileReference; lastKnownFileType = image.png; path = elipsEmpty.png; sourceTree = "<group>"; };
		09B03BF521098E6000ADEFBA /* elips.png */ = {isa = PBXFileReference; lastKnownFileType = image.png; path = elips.png; sourceTree = "<group>"; };
		09D4BF4B210595F100B99581 /* menuCellBG.png */ = {isa = PBXFileReference; lastKnownFileType = image.png; path = menuCellBG.png; sourceTree = "<group>"; };
		09D4BF4C210595F200B99581 /* searchIUconWhite.png */ = {isa = PBXFileReference; lastKnownFileType = image.png; path = searchIUconWhite.png; sourceTree = "<group>"; };
		09D4BF4F21059E2400B99581 /* searcbbarblack.png */ = {isa = PBXFileReference; lastKnownFileType = image.png; path = searcbbarblack.png; sourceTree = "<group>"; };
		09D4BF5121059FA600B99581 /* MenuVC.swift */ = {isa = PBXFileReference; lastKnownFileType = sourcecode.swift; path = MenuVC.swift; sourceTree = "<group>"; };
		09D4BF5321059FC300B99581 /* MenuModel.swift */ = {isa = PBXFileReference; lastKnownFileType = sourcecode.swift; path = MenuModel.swift; sourceTree = "<group>"; };
		09D4BF552105A00000B99581 /* MenuTableCell.swift */ = {isa = PBXFileReference; lastKnownFileType = sourcecode.swift; path = MenuTableCell.swift; sourceTree = "<group>"; };
		09D4BF572105ABF800B99581 /* addTochart.png */ = {isa = PBXFileReference; lastKnownFileType = image.png; path = addTochart.png; sourceTree = "<group>"; };
		09D4BF592105E67400B99581 /* CategoryModel.swift */ = {isa = PBXFileReference; lastKnownFileType = sourcecode.swift; path = CategoryModel.swift; sourceTree = "<group>"; };
		09D4BF5B2105E68E00B99581 /* CategoryTableCell.swift */ = {isa = PBXFileReference; lastKnownFileType = sourcecode.swift; path = CategoryTableCell.swift; sourceTree = "<group>"; };
		09D4BF5E2105E6E800B99581 /* CategoryVC.swift */ = {isa = PBXFileReference; lastKnownFileType = sourcecode.swift; path = CategoryVC.swift; sourceTree = "<group>"; };
		09DE2E602106E8BD005859E0 /* sponIcon.png */ = {isa = PBXFileReference; lastKnownFileType = image.png; path = sponIcon.png; sourceTree = "<group>"; };
		09DE2E66210705A2005859E0 /* MenuDetailsVC.swift */ = {isa = PBXFileReference; lastKnownFileType = sourcecode.swift; path = MenuDetailsVC.swift; sourceTree = "<group>"; };
		09DE2E68210726A3005859E0 /* FancyBtn.swift */ = {isa = PBXFileReference; fileEncoding = 4; lastKnownFileType = sourcecode.swift; path = FancyBtn.swift; sourceTree = "<group>"; };
		09E327772102F481008BE91A /* Soi71.app */ = {isa = PBXFileReference; explicitFileType = wrapper.application; includeInIndex = 0; path = Soi71.app; sourceTree = BUILT_PRODUCTS_DIR; };
		09E3277A2102F481008BE91A /* AppDelegate.swift */ = {isa = PBXFileReference; lastKnownFileType = sourcecode.swift; path = AppDelegate.swift; sourceTree = "<group>"; };
		09E3277F2102F481008BE91A /* Base */ = {isa = PBXFileReference; lastKnownFileType = file.storyboard; name = Base; path = Base.lproj/Main.storyboard; sourceTree = "<group>"; };
		09E327812102F48D008BE91A /* Assets.xcassets */ = {isa = PBXFileReference; lastKnownFileType = folder.assetcatalog; path = Assets.xcassets; sourceTree = "<group>"; };
		09E327842102F48D008BE91A /* Base */ = {isa = PBXFileReference; lastKnownFileType = file.storyboard; name = Base; path = Base.lproj/LaunchScreen.storyboard; sourceTree = "<group>"; };
		09E327862102F48D008BE91A /* Info.plist */ = {isa = PBXFileReference; lastKnownFileType = text.plist.xml; path = Info.plist; sourceTree = "<group>"; };
		09E327902102F5A6008BE91A /* SoiHomeVC.swift */ = {isa = PBXFileReference; lastKnownFileType = sourcecode.swift; path = SoiHomeVC.swift; sourceTree = "<group>"; };
		09E3279721031208008BE91A /* bg.jpg */ = {isa = PBXFileReference; lastKnownFileType = image.jpeg; path = bg.jpg; sourceTree = "<group>"; };
		09E3279821031208008BE91A /* Logo.png */ = {isa = PBXFileReference; lastKnownFileType = image.png; path = Logo.png; sourceTree = "<group>"; };
		09E3279E21032EE1008BE91A /* Fb_i.png */ = {isa = PBXFileReference; lastKnownFileType = image.png; path = Fb_i.png; sourceTree = "<group>"; };
		09E327A0210336F6008BE91A /* register.png */ = {isa = PBXFileReference; lastKnownFileType = image.png; path = register.png; sourceTree = "<group>"; };
		09E327A1210336F6008BE91A /* TW_i.png */ = {isa = PBXFileReference; lastKnownFileType = image.png; path = TW_i.png; sourceTree = "<group>"; };
		09E327A2210336F6008BE91A /* Go_i.png */ = {isa = PBXFileReference; lastKnownFileType = image.png; path = Go_i.png; sourceTree = "<group>"; };
		09E327A3210336F7008BE91A /* Sign_in.png */ = {isa = PBXFileReference; lastKnownFileType = image.png; path = Sign_in.png; sourceTree = "<group>"; };
		09E327A921034B56008BE91A /* roboto */ = {isa = PBXFileReference; lastKnownFileType = folder; path = roboto; sourceTree = "<group>"; };
		09E327AB21046434008BE91A /* searchBarRect.png */ = {isa = PBXFileReference; lastKnownFileType = image.png; path = searchBarRect.png; sourceTree = "<group>"; };
		09E327AC21046434008BE91A /* backArrow.png */ = {isa = PBXFileReference; lastKnownFileType = image.png; path = backArrow.png; sourceTree = "<group>"; };
		09E327AD21046435008BE91A /* searchIcon.png */ = {isa = PBXFileReference; lastKnownFileType = image.png; path = searchIcon.png; sourceTree = "<group>"; };
		09E327AE21046435008BE91A /* Icon.png */ = {isa = PBXFileReference; lastKnownFileType = image.png; path = Icon.png; sourceTree = "<group>"; };
		09E327B32104668A008BE91A /* SearchFoodVC.swift */ = {isa = PBXFileReference; lastKnownFileType = sourcecode.swift; path = SearchFoodVC.swift; sourceTree = "<group>"; };
		09E327B7210496C7008BE91A /* SearchProductModel.swift */ = {isa = PBXFileReference; lastKnownFileType = sourcecode.swift; path = SearchProductModel.swift; sourceTree = "<group>"; };
		09E327B9210497BB008BE91A /* SearcProducTableCell.swift */ = {isa = PBXFileReference; lastKnownFileType = sourcecode.swift; path = SearcProducTableCell.swift; sourceTree = "<group>"; };
		09E737DD210ECE2800AAC8BF /* credentials.plist */ = {isa = PBXFileReference; fileEncoding = 4; lastKnownFileType = text.plist.xml; path = credentials.plist; sourceTree = "<group>"; };
		09E737E0210ED5AD00AAC8BF /* HelpCode.swift */ = {isa = PBXFileReference; lastKnownFileType = sourcecode.swift; path = HelpCode.swift; sourceTree = "<group>"; };
		457CADB4D7E03BE93BE4E559 /* Pods-Soi71.debug.xcconfig */ = {isa = PBXFileReference; includeInIndex = 1; lastKnownFileType = text.xcconfig; name = "Pods-Soi71.debug.xcconfig"; path = "Pods/Target Support Files/Pods-Soi71/Pods-Soi71.debug.xcconfig"; sourceTree = "<group>"; };
		A3425E22A880408DCA14E9A6 /* Pods-Soi71.release.xcconfig */ = {isa = PBXFileReference; includeInIndex = 1; lastKnownFileType = text.xcconfig; name = "Pods-Soi71.release.xcconfig"; path = "Pods/Target Support Files/Pods-Soi71/Pods-Soi71.release.xcconfig"; sourceTree = "<group>"; };
		CE6E24F021086CC90015F6A5 /* ChartVC.swift */ = {isa = PBXFileReference; lastKnownFileType = sourcecode.swift; path = ChartVC.swift; sourceTree = "<group>"; };
		CE6E24F221086D040015F6A5 /* CartTableCell.swift */ = {isa = PBXFileReference; lastKnownFileType = sourcecode.swift; path = CartTableCell.swift; sourceTree = "<group>"; };
		CE6E24F421086D190015F6A5 /* CartModel.swift */ = {isa = PBXFileReference; lastKnownFileType = sourcecode.swift; path = CartModel.swift; sourceTree = "<group>"; };
		CE6E24F62108730F0015F6A5 /* FancyLabal.swift */ = {isa = PBXFileReference; lastKnownFileType = sourcecode.swift; path = FancyLabal.swift; sourceTree = "<group>"; };
		CE6E24F8210884D50015F6A5 /* cross.png */ = {isa = PBXFileReference; lastKnownFileType = image.png; path = cross.png; sourceTree = "<group>"; };
		CEA9F17F210C293200277E65 /* FancyView.swift */ = {isa = PBXFileReference; fileEncoding = 4; lastKnownFileType = sourcecode.swift; path = FancyView.swift; sourceTree = "<group>"; };
		CEA9F181210CB6F000277E65 /* popCross.png */ = {isa = PBXFileReference; lastKnownFileType = image.png; path = popCross.png; sourceTree = "<group>"; };
		FC1E92DBCA323095AB1E4CE5 /* Pods_Soi71.framework */ = {isa = PBXFileReference; explicitFileType = wrapper.framework; includeInIndex = 0; path = Pods_Soi71.framework; sourceTree = BUILT_PRODUCTS_DIR; };
/* End PBXFileReference section */

/* Begin PBXFrameworksBuildPhase section */
		09E327742102F481008BE91A /* Frameworks */ = {
			isa = PBXFrameworksBuildPhase;
			buildActionMask = 2147483647;
			files = (
				51F560A3EFFADDC77FD7F624 /* Pods_Soi71.framework in Frameworks */,
			);
			runOnlyForDeploymentPostprocessing = 0;
		};
/* End PBXFrameworksBuildPhase section */

/* Begin PBXGroup section */
		093CB1CD2110246200BA30BA /* CustomeView */ = {
			isa = PBXGroup;
			children = (
				09DE2E68210726A3005859E0 /* FancyBtn.swift */,
				CEA9F17F210C293200277E65 /* FancyView.swift */,
				CE6E24F62108730F0015F6A5 /* FancyLabal.swift */,
			);
			path = CustomeView;
			sourceTree = "<group>";
		};
		09E3276E2102F480008BE91A = {
			isa = PBXGroup;
			children = (
				09E327792102F481008BE91A /* Soi71 */,
				09E327782102F481008BE91A /* Products */,
				C5B7839A898F15CC25DC5CEC /* Pods */,
				635C421C0F97148D047FC19E /* Frameworks */,
			);
			sourceTree = "<group>";
		};
		09E327782102F481008BE91A /* Products */ = {
			isa = PBXGroup;
			children = (
				09E327772102F481008BE91A /* Soi71.app */,
			);
			name = Products;
			sourceTree = "<group>";
		};
		09E327792102F481008BE91A /* Soi71 */ = {
			isa = PBXGroup;
			children = (
				09E737DF210ED57800AAC8BF /* Recycle */,
				09E32793210311E9008BE91A /* Images */,
				09E3278F2102F509008BE91A /* Supporting_Fiels */,
				09E3278E2102F4F0008BE91A /* Model */,
				09E3278D2102F4E5008BE91A /* View */,
				09E3278C2102F4D5008BE91A /* Controller */,
				09E327862102F48D008BE91A /* Info.plist */,
				09E737DD210ECE2800AAC8BF /* credentials.plist */,
				09E327A921034B56008BE91A /* roboto */,
			);
			path = Soi71;
			sourceTree = "<group>";
		};
		09E3278C2102F4D5008BE91A /* Controller */ = {
			isa = PBXGroup;
			children = (
				09E327902102F5A6008BE91A /* SoiHomeVC.swift */,
				09E327B32104668A008BE91A /* SearchFoodVC.swift */,
				09D4BF5121059FA600B99581 /* MenuVC.swift */,
				09D4BF5E2105E6E800B99581 /* CategoryVC.swift */,
				09DE2E66210705A2005859E0 /* MenuDetailsVC.swift */,
				CE6E24F021086CC90015F6A5 /* ChartVC.swift */,
				095DCDF5211EA4F700A0E07C /* PaymentVC.swift */,
				093C600F2121984300F5A8B7 /* ShippingBillingVC.swift */,
			);
			path = Controller;
			sourceTree = "<group>";
		};
		09E3278D2102F4E5008BE91A /* View */ = {
			isa = PBXGroup;
			children = (
				093CB1CD2110246200BA30BA /* CustomeView */,
				09E3277E2102F481008BE91A /* Main.storyboard */,
				09E327832102F48D008BE91A /* LaunchScreen.storyboard */,
				09E327B9210497BB008BE91A /* SearcProducTableCell.swift */,
				09D4BF552105A00000B99581 /* MenuTableCell.swift */,
				09D4BF5B2105E68E00B99581 /* CategoryTableCell.swift */,
				CE6E24F221086D040015F6A5 /* CartTableCell.swift */,
				095DCDF9211EA5BB00A0E07C /* PaymentTableCell.swift */,
			);
			path = View;
			sourceTree = "<group>";
		};
		09E3278E2102F4F0008BE91A /* Model */ = {
			isa = PBXGroup;
			children = (
				09E327B7210496C7008BE91A /* SearchProductModel.swift */,
				09D4BF5321059FC300B99581 /* MenuModel.swift */,
				09D4BF592105E67400B99581 /* CategoryModel.swift */,
				CE6E24F421086D190015F6A5 /* CartModel.swift */,
				095DCDF7211EA56D00A0E07C /* PaymentModel.swift */,
			);
			path = Model;
			sourceTree = "<group>";
		};
		09E3278F2102F509008BE91A /* Supporting_Fiels */ = {
			isa = PBXGroup;
			children = (
				09E3277A2102F481008BE91A /* AppDelegate.swift */,
				09E327812102F48D008BE91A /* Assets.xcassets */,
			);
			path = Supporting_Fiels;
			sourceTree = "<group>";
		};
		09E32793210311E9008BE91A /* Images */ = {
			isa = PBXGroup;
			children = (
				09E327A2210336F6008BE91A /* Go_i.png */,
				09E327AC21046434008BE91A /* backArrow.png */,
				09E327AE21046435008BE91A /* Icon.png */,
				09E327AB21046434008BE91A /* searchBarRect.png */,
				09E327AD21046435008BE91A /* searchIcon.png */,
				09E327A0210336F6008BE91A /* register.png */,
				09E327A3210336F7008BE91A /* Sign_in.png */,
				09D4BF4B210595F100B99581 /* menuCellBG.png */,
				09DE2E602106E8BD005859E0 /* sponIcon.png */,
				09D4BF4F21059E2400B99581 /* searcbbarblack.png */,
				09B03BF521098E6000ADEFBA /* elips.png */,
				09B03BF421098E6000ADEFBA /* elipsEmpty.png */,
				09D4BF572105ABF800B99581 /* addTochart.png */,
				09D4BF4C210595F200B99581 /* searchIUconWhite.png */,
				CEA9F181210CB6F000277E65 /* popCross.png */,
				09E327A1210336F6008BE91A /* TW_i.png */,
				09E3279721031208008BE91A /* bg.jpg */,
				09E3279821031208008BE91A /* Logo.png */,
				CE6E24F8210884D50015F6A5 /* cross.png */,
				09E3279E21032EE1008BE91A /* Fb_i.png */,
			);
			path = Images;
			sourceTree = "<group>";
		};
		09E737DF210ED57800AAC8BF /* Recycle */ = {
			isa = PBXGroup;
			children = (
				09E737E0210ED5AD00AAC8BF /* HelpCode.swift */,
			);
			path = Recycle;
			sourceTree = "<group>";
		};
		635C421C0F97148D047FC19E /* Frameworks */ = {
			isa = PBXGroup;
			children = (
				FC1E92DBCA323095AB1E4CE5 /* Pods_Soi71.framework */,
			);
			name = Frameworks;
			sourceTree = "<group>";
		};
		C5B7839A898F15CC25DC5CEC /* Pods */ = {
			isa = PBXGroup;
			children = (
				457CADB4D7E03BE93BE4E559 /* Pods-Soi71.debug.xcconfig */,
				A3425E22A880408DCA14E9A6 /* Pods-Soi71.release.xcconfig */,
			);
			name = Pods;
			sourceTree = "<group>";
		};
/* End PBXGroup section */

/* Begin PBXNativeTarget section */
		09E327762102F481008BE91A /* Soi71 */ = {
			isa = PBXNativeTarget;
			buildConfigurationList = 09E327892102F48D008BE91A /* Build configuration list for PBXNativeTarget "Soi71" */;
			buildPhases = (
				0929E2B02010F70BE12A3338 /* [CP] Check Pods Manifest.lock */,
				09E327732102F481008BE91A /* Sources */,
				09E327742102F481008BE91A /* Frameworks */,
				09E327752102F481008BE91A /* Resources */,
				174EE74980759C0466BAB0BF /* [CP] Embed Pods Frameworks */,
				F8E222CA0547F3BC2528F8D4 /* [CP] Copy Pods Resources */,
			);
			buildRules = (
			);
			dependencies = (
			);
			name = Soi71;
			productName = Soi71;
			productReference = 09E327772102F481008BE91A /* Soi71.app */;
			productType = "com.apple.product-type.application";
		};
/* End PBXNativeTarget section */

/* Begin PBXProject section */
		09E3276F2102F480008BE91A /* Project object */ = {
			isa = PBXProject;
			attributes = {
				LastSwiftUpdateCheck = 0940;
				LastUpgradeCheck = 0940;
				ORGANIZATIONNAME = RIO;
				TargetAttributes = {
					09E327762102F481008BE91A = {
						CreatedOnToolsVersion = 9.4;
					};
				};
			};
			buildConfigurationList = 09E327722102F480008BE91A /* Build configuration list for PBXProject "Soi71" */;
			compatibilityVersion = "Xcode 9.3";
			developmentRegion = en;
			hasScannedForEncodings = 0;
			knownRegions = (
				en,
				Base,
			);
			mainGroup = 09E3276E2102F480008BE91A;
			productRefGroup = 09E327782102F481008BE91A /* Products */;
			projectDirPath = "";
			projectRoot = "";
			targets = (
				09E327762102F481008BE91A /* Soi71 */,
			);
		};
/* End PBXProject section */

/* Begin PBXResourcesBuildPhase section */
		09E327752102F481008BE91A /* Resources */ = {
			isa = PBXResourcesBuildPhase;
			buildActionMask = 2147483647;
			files = (
				09E327A6210336F7008BE91A /* Go_i.png in Resources */,
				09D4BF4E210595F200B99581 /* searchIUconWhite.png in Resources */,
				09E327A4210336F7008BE91A /* register.png in Resources */,
				CEA9F182210CB6F100277E65 /* popCross.png in Resources */,
				09B03BF821098E6100ADEFBA /* elips.png in Resources */,
				09E327B021046435008BE91A /* backArrow.png in Resources */,
				09E737DE210ECE2800AAC8BF /* credentials.plist in Resources */,
				09E327AA21034B57008BE91A /* roboto in Resources */,
				09E3279F21032EE2008BE91A /* Fb_i.png in Resources */,
				09E327852102F48D008BE91A /* LaunchScreen.storyboard in Resources */,
				09E327B121046435008BE91A /* searchIcon.png in Resources */,
				09B03BF721098E6100ADEFBA /* elipsEmpty.png in Resources */,
				09E327822102F48D008BE91A /* Assets.xcassets in Resources */,
				CE6E24F9210884D60015F6A5 /* cross.png in Resources */,
				09D4BF5021059E2400B99581 /* searcbbarblack.png in Resources */,
				09E327802102F481008BE91A /* Main.storyboard in Resources */,
				09D4BF582105ABF800B99581 /* addTochart.png in Resources */,
				09E3279D21031208008BE91A /* Logo.png in Resources */,
				09E327A7210336F7008BE91A /* Sign_in.png in Resources */,
				09E327AF21046435008BE91A /* searchBarRect.png in Resources */,
				09E327B221046435008BE91A /* Icon.png in Resources */,
				09DE2E622106E8BE005859E0 /* sponIcon.png in Resources */,
				09E327A5210336F7008BE91A /* TW_i.png in Resources */,
				09E3279C21031208008BE91A /* bg.jpg in Resources */,
				09D4BF4D210595F200B99581 /* menuCellBG.png in Resources */,
			);
			runOnlyForDeploymentPostprocessing = 0;
		};
/* End PBXResourcesBuildPhase section */

/* Begin PBXShellScriptBuildPhase section */
		0929E2B02010F70BE12A3338 /* [CP] Check Pods Manifest.lock */ = {
			isa = PBXShellScriptBuildPhase;
			buildActionMask = 2147483647;
			files = (
			);
			inputPaths = (
				"${PODS_PODFILE_DIR_PATH}/Podfile.lock",
				"${PODS_ROOT}/Manifest.lock",
			);
			name = "[CP] Check Pods Manifest.lock";
			outputPaths = (
				"$(DERIVED_FILE_DIR)/Pods-Soi71-checkManifestLockResult.txt",
			);
			runOnlyForDeploymentPostprocessing = 0;
			shellPath = /bin/sh;
			shellScript = "diff \"${PODS_PODFILE_DIR_PATH}/Podfile.lock\" \"${PODS_ROOT}/Manifest.lock\" > /dev/null\nif [ $? != 0 ] ; then\n    # print error to STDERR\n    echo \"error: The sandbox is not in sync with the Podfile.lock. Run 'pod install' or update your CocoaPods installation.\" >&2\n    exit 1\nfi\n# This output is used by Xcode 'outputs' to avoid re-running this script phase.\necho \"SUCCESS\" > \"${SCRIPT_OUTPUT_FILE_0}\"\n";
			showEnvVarsInLog = 0;
		};
		174EE74980759C0466BAB0BF /* [CP] Embed Pods Frameworks */ = {
			isa = PBXShellScriptBuildPhase;
			buildActionMask = 2147483647;
			files = (
			);
			inputPaths = (
				"${SRCROOT}/Pods/Target Support Files/Pods-Soi71/Pods-Soi71-frameworks.sh",
				"${BUILT_PRODUCTS_DIR}/Bolts/Bolts.framework",
				"${BUILT_PRODUCTS_DIR}/FBSDKCoreKit/FBSDKCoreKit.framework",
				"${BUILT_PRODUCTS_DIR}/FBSDKLoginKit/FBSDKLoginKit.framework",
				"${BUILT_PRODUCTS_DIR}/GTMOAuth2/GTMOAuth2.framework",
				"${BUILT_PRODUCTS_DIR}/GTMSessionFetcher/GTMSessionFetcher.framework",
				"${BUILT_PRODUCTS_DIR}/GoogleToolboxForMac/GoogleToolboxForMac.framework",
				"${PODS_ROOT}/TwitterCore/iOS/TwitterCore.framework",
				"${PODS_ROOT}/TwitterKit/iOS/TwitterKit.framework",
			);
			name = "[CP] Embed Pods Frameworks";
			outputPaths = (
				"${TARGET_BUILD_DIR}/${FRAMEWORKS_FOLDER_PATH}/Bolts.framework",
				"${TARGET_BUILD_DIR}/${FRAMEWORKS_FOLDER_PATH}/FBSDKCoreKit.framework",
				"${TARGET_BUILD_DIR}/${FRAMEWORKS_FOLDER_PATH}/FBSDKLoginKit.framework",
				"${TARGET_BUILD_DIR}/${FRAMEWORKS_FOLDER_PATH}/GTMOAuth2.framework",
				"${TARGET_BUILD_DIR}/${FRAMEWORKS_FOLDER_PATH}/GTMSessionFetcher.framework",
				"${TARGET_BUILD_DIR}/${FRAMEWORKS_FOLDER_PATH}/GoogleToolboxForMac.framework",
				"${TARGET_BUILD_DIR}/${FRAMEWORKS_FOLDER_PATH}/TwitterCore.framework",
				"${TARGET_BUILD_DIR}/${FRAMEWORKS_FOLDER_PATH}/TwitterKit.framework",
			);
			runOnlyForDeploymentPostprocessing = 0;
			shellPath = /bin/sh;
			shellScript = "\"${SRCROOT}/Pods/Target Support Files/Pods-Soi71/Pods-Soi71-frameworks.sh\"\n";
			showEnvVarsInLog = 0;
		};
		F8E222CA0547F3BC2528F8D4 /* [CP] Copy Pods Resources */ = {
			isa = PBXShellScriptBuildPhase;
			buildActionMask = 2147483647;
			files = (
			);
			inputPaths = (
				"${SRCROOT}/Pods/Target Support Files/Pods-Soi71/Pods-Soi71-resources.sh",
				"${PODS_ROOT}/GoogleSignIn/Resources/GoogleSignIn.bundle",
				"${PODS_ROOT}/TwitterKit/iOS/TwitterKit.framework/TwitterKitResources.bundle",
			);
			name = "[CP] Copy Pods Resources";
			outputPaths = (
				"${TARGET_BUILD_DIR}/${UNLOCALIZED_RESOURCES_FOLDER_PATH}/GoogleSignIn.bundle",
				"${TARGET_BUILD_DIR}/${UNLOCALIZED_RESOURCES_FOLDER_PATH}/TwitterKitResources.bundle",
			);
			runOnlyForDeploymentPostprocessing = 0;
			shellPath = /bin/sh;
			shellScript = "\"${SRCROOT}/Pods/Target Support Files/Pods-Soi71/Pods-Soi71-resources.sh\"\n";
			showEnvVarsInLog = 0;
		};
/* End PBXShellScriptBuildPhase section */

/* Begin PBXSourcesBuildPhase section */
		09E327732102F481008BE91A /* Sources */ = {
			isa = PBXSourcesBuildPhase;
			buildActionMask = 2147483647;
			files = (
				09E3277B2102F481008BE91A /* AppDelegate.swift in Sources */,
				09E327912102F5A6008BE91A /* SoiHomeVC.swift in Sources */,
				CEA9F180210C293300277E65 /* FancyView.swift in Sources */,
				CE6E24F321086D040015F6A5 /* CartTableCell.swift in Sources */,
				09E327B42104668A008BE91A /* SearchFoodVC.swift in Sources */,
				09E737E1210ED5AD00AAC8BF /* HelpCode.swift in Sources */,
				CE6E24F121086CC90015F6A5 /* ChartVC.swift in Sources */,
				CE6E24F521086D190015F6A5 /* CartModel.swift in Sources */,
				093C60102121984400F5A8B7 /* ShippingBillingVC.swift in Sources */,
				09D4BF562105A00000B99581 /* MenuTableCell.swift in Sources */,
				09D4BF5C2105E68E00B99581 /* CategoryTableCell.swift in Sources */,
				CE6E24F72108730F0015F6A5 /* FancyLabal.swift in Sources */,
				09D4BF5F2105E6E800B99581 /* CategoryVC.swift in Sources */,
				09D4BF5421059FC300B99581 /* MenuModel.swift in Sources */,
				095DCDF6211EA4F700A0E07C /* PaymentVC.swift in Sources */,
				09DE2E69210726A4005859E0 /* FancyBtn.swift in Sources */,
				09E327B8210496C7008BE91A /* SearchProductModel.swift in Sources */,
				09E327BA210497BB008BE91A /* SearcProducTableCell.swift in Sources */,
				09D4BF5A2105E67400B99581 /* CategoryModel.swift in Sources */,
				095DCDF8211EA56D00A0E07C /* PaymentModel.swift in Sources */,
				095DCDFA211EA5BB00A0E07C /* PaymentTableCell.swift in Sources */,
				09DE2E67210705A2005859E0 /* MenuDetailsVC.swift in Sources */,
				09D4BF5221059FA600B99581 /* MenuVC.swift in Sources */,
			);
			runOnlyForDeploymentPostprocessing = 0;
		};
/* End PBXSourcesBuildPhase section */

/* Begin PBXVariantGroup section */
		09E3277E2102F481008BE91A /* Main.storyboard */ = {
			isa = PBXVariantGroup;
			children = (
				09E3277F2102F481008BE91A /* Base */,
			);
			name = Main.storyboard;
			sourceTree = "<group>";
		};
		09E327832102F48D008BE91A /* LaunchScreen.storyboard */ = {
			isa = PBXVariantGroup;
			children = (
				09E327842102F48D008BE91A /* Base */,
			);
			name = LaunchScreen.storyboard;
			sourceTree = "<group>";
		};
/* End PBXVariantGroup section */

/* Begin XCBuildConfiguration section */
		09E327872102F48D008BE91A /* Debug */ = {
			isa = XCBuildConfiguration;
			buildSettings = {
				ALWAYS_SEARCH_USER_PATHS = NO;
				CLANG_ANALYZER_NONNULL = YES;
				CLANG_ANALYZER_NUMBER_OBJECT_CONVERSION = YES_AGGRESSIVE;
				CLANG_CXX_LANGUAGE_STANDARD = "gnu++14";
				CLANG_CXX_LIBRARY = "libc++";
				CLANG_ENABLE_MODULES = YES;
				CLANG_ENABLE_OBJC_ARC = YES;
				CLANG_ENABLE_OBJC_WEAK = YES;
				CLANG_WARN_BLOCK_CAPTURE_AUTORELEASING = YES;
				CLANG_WARN_BOOL_CONVERSION = YES;
				CLANG_WARN_COMMA = YES;
				CLANG_WARN_CONSTANT_CONVERSION = YES;
				CLANG_WARN_DEPRECATED_OBJC_IMPLEMENTATIONS = YES;
				CLANG_WARN_DIRECT_OBJC_ISA_USAGE = YES_ERROR;
				CLANG_WARN_DOCUMENTATION_COMMENTS = YES;
				CLANG_WARN_EMPTY_BODY = YES;
				CLANG_WARN_ENUM_CONVERSION = YES;
				CLANG_WARN_INFINITE_RECURSION = YES;
				CLANG_WARN_INT_CONVERSION = YES;
				CLANG_WARN_NON_LITERAL_NULL_CONVERSION = YES;
				CLANG_WARN_OBJC_IMPLICIT_RETAIN_SELF = YES;
				CLANG_WARN_OBJC_LITERAL_CONVERSION = YES;
				CLANG_WARN_OBJC_ROOT_CLASS = YES_ERROR;
				CLANG_WARN_RANGE_LOOP_ANALYSIS = YES;
				CLANG_WARN_STRICT_PROTOTYPES = YES;
				CLANG_WARN_SUSPICIOUS_MOVE = YES;
				CLANG_WARN_UNGUARDED_AVAILABILITY = YES_AGGRESSIVE;
				CLANG_WARN_UNREACHABLE_CODE = YES;
				CLANG_WARN__DUPLICATE_METHOD_MATCH = YES;
				CODE_SIGN_IDENTITY = "iPhone Developer";
				COPY_PHASE_STRIP = NO;
				DEBUG_INFORMATION_FORMAT = dwarf;
				ENABLE_STRICT_OBJC_MSGSEND = YES;
				ENABLE_TESTABILITY = YES;
				GCC_C_LANGUAGE_STANDARD = gnu11;
				GCC_DYNAMIC_NO_PIC = NO;
				GCC_NO_COMMON_BLOCKS = YES;
				GCC_OPTIMIZATION_LEVEL = 0;
				GCC_PREPROCESSOR_DEFINITIONS = (
					"DEBUG=1",
					"$(inherited)",
				);
				GCC_WARN_64_TO_32_BIT_CONVERSION = YES;
				GCC_WARN_ABOUT_RETURN_TYPE = YES_ERROR;
				GCC_WARN_UNDECLARED_SELECTOR = YES;
				GCC_WARN_UNINITIALIZED_AUTOS = YES_AGGRESSIVE;
				GCC_WARN_UNUSED_FUNCTION = YES;
				GCC_WARN_UNUSED_VARIABLE = YES;
				IPHONEOS_DEPLOYMENT_TARGET = 11.4;
				MTL_ENABLE_DEBUG_INFO = YES;
				ONLY_ACTIVE_ARCH = YES;
				SDKROOT = iphoneos;
				SWIFT_ACTIVE_COMPILATION_CONDITIONS = DEBUG;
				SWIFT_OPTIMIZATION_LEVEL = "-Onone";
			};
			name = Debug;
		};
		09E327882102F48D008BE91A /* Release */ = {
			isa = XCBuildConfiguration;
			buildSettings = {
				ALWAYS_SEARCH_USER_PATHS = NO;
				CLANG_ANALYZER_NONNULL = YES;
				CLANG_ANALYZER_NUMBER_OBJECT_CONVERSION = YES_AGGRESSIVE;
				CLANG_CXX_LANGUAGE_STANDARD = "gnu++14";
				CLANG_CXX_LIBRARY = "libc++";
				CLANG_ENABLE_MODULES = YES;
				CLANG_ENABLE_OBJC_ARC = YES;
				CLANG_ENABLE_OBJC_WEAK = YES;
				CLANG_WARN_BLOCK_CAPTURE_AUTORELEASING = YES;
				CLANG_WARN_BOOL_CONVERSION = YES;
				CLANG_WARN_COMMA = YES;
				CLANG_WARN_CONSTANT_CONVERSION = YES;
				CLANG_WARN_DEPRECATED_OBJC_IMPLEMENTATIONS = YES;
				CLANG_WARN_DIRECT_OBJC_ISA_USAGE = YES_ERROR;
				CLANG_WARN_DOCUMENTATION_COMMENTS = YES;
				CLANG_WARN_EMPTY_BODY = YES;
				CLANG_WARN_ENUM_CONVERSION = YES;
				CLANG_WARN_INFINITE_RECURSION = YES;
				CLANG_WARN_INT_CONVERSION = YES;
				CLANG_WARN_NON_LITERAL_NULL_CONVERSION = YES;
				CLANG_WARN_OBJC_IMPLICIT_RETAIN_SELF = YES;
				CLANG_WARN_OBJC_LITERAL_CONVERSION = YES;
				CLANG_WARN_OBJC_ROOT_CLASS = YES_ERROR;
				CLANG_WARN_RANGE_LOOP_ANALYSIS = YES;
				CLANG_WARN_STRICT_PROTOTYPES = YES;
				CLANG_WARN_SUSPICIOUS_MOVE = YES;
				CLANG_WARN_UNGUARDED_AVAILABILITY = YES_AGGRESSIVE;
				CLANG_WARN_UNREACHABLE_CODE = YES;
				CLANG_WARN__DUPLICATE_METHOD_MATCH = YES;
				CODE_SIGN_IDENTITY = "iPhone Developer";
				COPY_PHASE_STRIP = NO;
				DEBUG_INFORMATION_FORMAT = "dwarf-with-dsym";
				ENABLE_NS_ASSERTIONS = NO;
				ENABLE_STRICT_OBJC_MSGSEND = YES;
				GCC_C_LANGUAGE_STANDARD = gnu11;
				GCC_NO_COMMON_BLOCKS = YES;
				GCC_WARN_64_TO_32_BIT_CONVERSION = YES;
				GCC_WARN_ABOUT_RETURN_TYPE = YES_ERROR;
				GCC_WARN_UNDECLARED_SELECTOR = YES;
				GCC_WARN_UNINITIALIZED_AUTOS = YES_AGGRESSIVE;
				GCC_WARN_UNUSED_FUNCTION = YES;
				GCC_WARN_UNUSED_VARIABLE = YES;
				IPHONEOS_DEPLOYMENT_TARGET = 11.4;
				MTL_ENABLE_DEBUG_INFO = NO;
				SDKROOT = iphoneos;
				SWIFT_COMPILATION_MODE = wholemodule;
				SWIFT_OPTIMIZATION_LEVEL = "-O";
				VALIDATE_PRODUCT = YES;
			};
			name = Release;
		};
		09E3278A2102F48D008BE91A /* Debug */ = {
			isa = XCBuildConfiguration;
			baseConfigurationReference = 457CADB4D7E03BE93BE4E559 /* Pods-Soi71.debug.xcconfig */;
			buildSettings = {
				ASSETCATALOG_COMPILER_APPICON_NAME = AppIcon;
				CODE_SIGN_IDENTITY = "iPhone Developer";
				CODE_SIGN_STYLE = Automatic;
				DEVELOPMENT_TEAM = QPVL829J5A;
				INFOPLIST_FILE = Soi71/Info.plist;
				IPHONEOS_DEPLOYMENT_TARGET = 10.3;
				LD_RUNPATH_SEARCH_PATHS = (
					"$(inherited)",
					"@executable_path/Frameworks",
				);
				PRODUCT_BUNDLE_IDENTIFIER = com.rio.foodtracker.Soi71;
				PRODUCT_NAME = "$(TARGET_NAME)";
				PROVISIONING_PROFILE_SPECIFIER = "";
				SWIFT_VERSION = 4.0;
				TARGETED_DEVICE_FAMILY = "1,2";
			};
			name = Debug;
		};
		09E3278B2102F48D008BE91A /* Release */ = {
			isa = XCBuildConfiguration;
			baseConfigurationReference = A3425E22A880408DCA14E9A6 /* Pods-Soi71.release.xcconfig */;
			buildSettings = {
				ASSETCATALOG_COMPILER_APPICON_NAME = AppIcon;
				CODE_SIGN_IDENTITY = "iPhone Developer";
				CODE_SIGN_STYLE = Automatic;
				DEVELOPMENT_TEAM = QPVL829J5A;
				INFOPLIST_FILE = Soi71/Info.plist;
				IPHONEOS_DEPLOYMENT_TARGET = 10.3;
				LD_RUNPATH_SEARCH_PATHS = (
					"$(inherited)",
					"@executable_path/Frameworks",
				);
				PRODUCT_BUNDLE_IDENTIFIER = com.rio.foodtracker.Soi71;
				PRODUCT_NAME = "$(TARGET_NAME)";
				PROVISIONING_PROFILE_SPECIFIER = "";
				SWIFT_VERSION = 4.0;
				TARGETED_DEVICE_FAMILY = "1,2";
			};
			name = Release;
		};
/* End XCBuildConfiguration section */

/* Begin XCConfigurationList section */
		09E327722102F480008BE91A /* Build configuration list for PBXProject "Soi71" */ = {
			isa = XCConfigurationList;
			buildConfigurations = (
				09E327872102F48D008BE91A /* Debug */,
				09E327882102F48D008BE91A /* Release */,
			);
			defaultConfigurationIsVisible = 0;
			defaultConfigurationName = Release;
		};
		09E327892102F48D008BE91A /* Build configuration list for PBXNativeTarget "Soi71" */ = {
			isa = XCConfigurationList;
			buildConfigurations = (
				09E3278A2102F48D008BE91A /* Debug */,
				09E3278B2102F48D008BE91A /* Release */,
			);
			defaultConfigurationIsVisible = 0;
			defaultConfigurationName = Release;
		};
/* End XCConfigurationList section */
	};
	rootObject = 09E3276F2102F480008BE91A /* Project object */;
}
